{
  "name": "aj_controll_panel",
  "lockfileVersion": 3,
  "requires": true,
  "packages": {
    "": {
      "dependencies": {
        "artnet-node": "github:haakonnessjoen/artnet-node"
      }
    },
    "node_modules/artnet-node": {
      "version": "0.1.2",
      "resolved": "git+ssh://git@github.com/haakonnessjoen/artnet-node.git#ee6273d6b5e59365ac446089c1b59dc90da1a374",
      "engines": {
        "node": ">=0.6"
      }
    }
  }
}
